
Microsoft Visual Studio Solution File, Format Version 12.00
# Visual Studio Version 16
VisualStudioVersion = 16.0.30114.105
MinimumVisualStudioVersion = 10.0.40219.1
Project("{FAE04EC0-301F-11D3-BF4B-00C04F79EFBC}") = "aspnetcore.mvc", "aspnetcore.mvc\aspnetcore.mvc.csproj", "{C6A5CD06-C1B1-4CC8-A7F7-6F70A07A6E3A}"
EndProject
Project("{FAE04EC0-301F-11D3-BF4B-00C04F79EFBC}") = "aspnetcore.api", "aspnetcore.api\aspnetcore.api.csproj", "{FFD3E88B-00A6-4BAA-8428-42AF2CAE9456}"
EndProject
Project("{FAE04EC0-301F-11D3-BF4B-00C04F79EFBC}") = "aspnetcore.class", "aspnetcore.class\aspnetcore.class.csproj", "{7D4FF40F-6BCB-4293-9D13-F302A8FC2653}"
EndProject
Project("{FAE04EC0-301F-11D3-BF4B-00C04F79EFBC}") = "aspnetcore.efcore", "aspnetcore.efcore\aspnetcore.efcore.csproj", "{81124A24-5A5F-4EC2-AD46-5DECF8C2B92B}"
EndProject
Global
	GlobalSection(SolutionConfigurationPlatforms) = preSolution
		Debug|Any CPU = Debug|Any CPU
		Release|Any CPU = Release|Any CPU
	EndGlobalSection
	GlobalSection(SolutionProperties) = preSolution
		HideSolutionNode = FALSE
	EndGlobalSection
	GlobalSection(ProjectConfigurationPlatforms) = postSolution
		{C6A5CD06-C1B1-4CC8-A7F7-6F70A07A6E3A}.Debug|Any CPU.ActiveCfg = Debug|Any CPU
		{C6A5CD06-C1B1-4CC8-A7F7-6F70A07A6E3A}.Debug|Any CPU.Build.0 = Debug|Any CPU
		{C6A5CD06-C1B1-4CC8-A7F7-6F70A07A6E3A}.Release|Any CPU.ActiveCfg = Release|Any CPU
		{C6A5CD06-C1B1-4CC8-A7F7-6F70A07A6E3A}.Release|Any CPU.Build.0 = Release|Any CPU
		{FFD3E88B-00A6-4BAA-8428-42AF2CAE9456}.Debug|Any CPU.ActiveCfg = Debug|Any CPU
		{FFD3E88B-00A6-4BAA-8428-42AF2CAE9456}.Debug|Any CPU.Build.0 = Debug|Any CPU
		{FFD3E88B-00A6-4BAA-8428-42AF2CAE9456}.Release|Any CPU.ActiveCfg = Release|Any CPU
		{FFD3E88B-00A6-4BAA-8428-42AF2CAE9456}.Release|Any CPU.Build.0 = Release|Any CPU
		{7D4FF40F-6BCB-4293-9D13-F302A8FC2653}.Debug|Any CPU.ActiveCfg = Debug|Any CPU
		{7D4FF40F-6BCB-4293-9D13-F302A8FC2653}.Debug|Any CPU.Build.0 = Debug|Any CPU
		{7D4FF40F-6BCB-4293-9D13-F302A8FC2653}.Release|Any CPU.ActiveCfg = Release|Any CPU
		{7D4FF40F-6BCB-4293-9D13-F302A8FC2653}.Release|Any CPU.Build.0 = Release|Any CPU
		{81124A24-5A5F-4EC2-AD46-5DECF8C2B92B}.Debug|Any CPU.ActiveCfg = Debug|Any CPU
		{81124A24-5A5F-4EC2-AD46-5DECF8C2B92B}.Debug|Any CPU.Build.0 = Debug|Any CPU
		{81124A24-5A5F-4EC2-AD46-5DECF8C2B92B}.Release|Any CPU.ActiveCfg = Release|Any CPU
		{81124A24-5A5F-4EC2-AD46-5DECF8C2B92B}.Release|Any CPU.Build.0 = Release|Any CPU
	EndGlobalSection
EndGlobal
