
Microsoft Visual Studio Solution File, Format Version 12.00
# Visual Studio Version 16
VisualStudioVersion = 16.0.30114.105
MinimumVisualStudioVersion = 10.0.40219.1
Project("{FAE04EC0-301F-11D3-BF4B-00C04F79EFBC}") = "jwt.api", "jwt.api\jwt.api.csproj", "{F20DBD10-4B96-4628-AF19-E4F6C49880BE}"
EndProject
Project("{FAE04EC0-301F-11D3-BF4B-00C04F79EFBC}") = "jwt.ids", "jwt.ids\jwt.ids.csproj", "{B59231E5-348B-4A36-978F-8A60A3E7C749}"
EndProject
Project("{FAE04EC0-301F-11D3-BF4B-00C04F79EFBC}") = "jwt.common", "jwt.common\jwt.common.csproj", "{F7CC913B-494F-4C82-A563-EA1AC33F0AB5}"
EndProject
Project("{FAE04EC0-301F-11D3-BF4B-00C04F79EFBC}") = "jwt.db", "jwt.db\jwt.db.csproj", "{F646741D-ACEE-4B4E-B6BB-9A51C5262821}"
EndProject
Project("{FAE04EC0-301F-11D3-BF4B-00C04F79EFBC}") = "jwt.test", "jwt.test\jwt.test.csproj", "{1F32A995-1057-4FCF-8958-092733EFB1D5}"
EndProject
Global
	GlobalSection(SolutionConfigurationPlatforms) = preSolution
		Debug|Any CPU = Debug|Any CPU
		Release|Any CPU = Release|Any CPU
	EndGlobalSection
	GlobalSection(SolutionProperties) = preSolution
		HideSolutionNode = FALSE
	EndGlobalSection
	GlobalSection(ProjectConfigurationPlatforms) = postSolution
		{F20DBD10-4B96-4628-AF19-E4F6C49880BE}.Debug|Any CPU.ActiveCfg = Debug|Any CPU
		{F20DBD10-4B96-4628-AF19-E4F6C49880BE}.Debug|Any CPU.Build.0 = Debug|Any CPU
		{F20DBD10-4B96-4628-AF19-E4F6C49880BE}.Release|Any CPU.ActiveCfg = Release|Any CPU
		{F20DBD10-4B96-4628-AF19-E4F6C49880BE}.Release|Any CPU.Build.0 = Release|Any CPU
		{B59231E5-348B-4A36-978F-8A60A3E7C749}.Debug|Any CPU.ActiveCfg = Debug|Any CPU
		{B59231E5-348B-4A36-978F-8A60A3E7C749}.Debug|Any CPU.Build.0 = Debug|Any CPU
		{B59231E5-348B-4A36-978F-8A60A3E7C749}.Release|Any CPU.ActiveCfg = Release|Any CPU
		{B59231E5-348B-4A36-978F-8A60A3E7C749}.Release|Any CPU.Build.0 = Release|Any CPU
		{F7CC913B-494F-4C82-A563-EA1AC33F0AB5}.Debug|Any CPU.ActiveCfg = Debug|Any CPU
		{F7CC913B-494F-4C82-A563-EA1AC33F0AB5}.Debug|Any CPU.Build.0 = Debug|Any CPU
		{F7CC913B-494F-4C82-A563-EA1AC33F0AB5}.Release|Any CPU.ActiveCfg = Release|Any CPU
		{F7CC913B-494F-4C82-A563-EA1AC33F0AB5}.Release|Any CPU.Build.0 = Release|Any CPU
		{F646741D-ACEE-4B4E-B6BB-9A51C5262821}.Debug|Any CPU.ActiveCfg = Debug|Any CPU
		{F646741D-ACEE-4B4E-B6BB-9A51C5262821}.Debug|Any CPU.Build.0 = Debug|Any CPU
		{F646741D-ACEE-4B4E-B6BB-9A51C5262821}.Release|Any CPU.ActiveCfg = Release|Any CPU
		{F646741D-ACEE-4B4E-B6BB-9A51C5262821}.Release|Any CPU.Build.0 = Release|Any CPU
		{1F32A995-1057-4FCF-8958-092733EFB1D5}.Debug|Any CPU.ActiveCfg = Debug|Any CPU
		{1F32A995-1057-4FCF-8958-092733EFB1D5}.Debug|Any CPU.Build.0 = Debug|Any CPU
		{1F32A995-1057-4FCF-8958-092733EFB1D5}.Release|Any CPU.ActiveCfg = Release|Any CPU
		{1F32A995-1057-4FCF-8958-092733EFB1D5}.Release|Any CPU.Build.0 = Release|Any CPU
	EndGlobalSection
EndGlobal
