
Microsoft Visual Studio Solution File, Format Version 12.00
# Visual Studio Version 16
VisualStudioVersion = 16.0.30114.105
MinimumVisualStudioVersion = 10.0.40219.1
Project("{FAE04EC0-301F-11D3-BF4B-00C04F79EFBC}") = "demo15.console", "demo15.console\demo15.console.csproj", "{259F42B3-94B8-411E-8FF1-46B0122F5D22}"
EndProject
Project("{FAE04EC0-301F-11D3-BF4B-00C04F79EFBC}") = "demo15.mailsvc", "demo15.mailsvc\demo15.mailsvc.csproj", "{BEBD23A7-DE3E-41D0-A416-07033151687D}"
EndProject
Project("{FAE04EC0-301F-11D3-BF4B-00C04F79EFBC}") = "demo15.logsvc", "demo15.logsvc\demo15.logsvc.csproj", "{8D0483CA-3703-44A4-A133-1440C2846D49}"
EndProject
Project("{FAE04EC0-301F-11D3-BF4B-00C04F79EFBC}") = "demo15.configsvc", "demo15.configsvc\demo15.configsvc.csproj", "{7DF7183B-5212-414C-BFDB-4F10A5CE6E9A}"
EndProject
Global
	GlobalSection(SolutionConfigurationPlatforms) = preSolution
		Debug|Any CPU = Debug|Any CPU
		Release|Any CPU = Release|Any CPU
	EndGlobalSection
	GlobalSection(SolutionProperties) = preSolution
		HideSolutionNode = FALSE
	EndGlobalSection
	GlobalSection(ProjectConfigurationPlatforms) = postSolution
		{259F42B3-94B8-411E-8FF1-46B0122F5D22}.Debug|Any CPU.ActiveCfg = Debug|Any CPU
		{259F42B3-94B8-411E-8FF1-46B0122F5D22}.Debug|Any CPU.Build.0 = Debug|Any CPU
		{259F42B3-94B8-411E-8FF1-46B0122F5D22}.Release|Any CPU.ActiveCfg = Release|Any CPU
		{259F42B3-94B8-411E-8FF1-46B0122F5D22}.Release|Any CPU.Build.0 = Release|Any CPU
		{BEBD23A7-DE3E-41D0-A416-07033151687D}.Debug|Any CPU.ActiveCfg = Debug|Any CPU
		{BEBD23A7-DE3E-41D0-A416-07033151687D}.Debug|Any CPU.Build.0 = Debug|Any CPU
		{BEBD23A7-DE3E-41D0-A416-07033151687D}.Release|Any CPU.ActiveCfg = Release|Any CPU
		{BEBD23A7-DE3E-41D0-A416-07033151687D}.Release|Any CPU.Build.0 = Release|Any CPU
		{8D0483CA-3703-44A4-A133-1440C2846D49}.Debug|Any CPU.ActiveCfg = Debug|Any CPU
		{8D0483CA-3703-44A4-A133-1440C2846D49}.Debug|Any CPU.Build.0 = Debug|Any CPU
		{8D0483CA-3703-44A4-A133-1440C2846D49}.Release|Any CPU.ActiveCfg = Release|Any CPU
		{8D0483CA-3703-44A4-A133-1440C2846D49}.Release|Any CPU.Build.0 = Release|Any CPU
		{7DF7183B-5212-414C-BFDB-4F10A5CE6E9A}.Debug|Any CPU.ActiveCfg = Debug|Any CPU
		{7DF7183B-5212-414C-BFDB-4F10A5CE6E9A}.Debug|Any CPU.Build.0 = Debug|Any CPU
		{7DF7183B-5212-414C-BFDB-4F10A5CE6E9A}.Release|Any CPU.ActiveCfg = Release|Any CPU
		{7DF7183B-5212-414C-BFDB-4F10A5CE6E9A}.Release|Any CPU.Build.0 = Release|Any CPU
	EndGlobalSection
EndGlobal
