
Microsoft Visual Studio Solution File, Format Version 12.00
# Visual Studio Version 16
VisualStudioVersion = 16.0.30114.105
MinimumVisualStudioVersion = 10.0.40219.1
Project("{FAE04EC0-301F-11D3-BF4B-00C04F79EFBC}") = "demo11.console", "demo11.console\demo11.console.csproj", "{BEAEB105-6DE7-4455-903A-0A34F4811830}"
EndProject
Global
	GlobalSection(SolutionConfigurationPlatforms) = preSolution
		Debug|Any CPU = Debug|Any CPU
		Release|Any CPU = Release|Any CPU
	EndGlobalSection
	GlobalSection(SolutionProperties) = preSolution
		HideSolutionNode = FALSE
	EndGlobalSection
	GlobalSection(ProjectConfigurationPlatforms) = postSolution
		{BEAEB105-6DE7-4455-903A-0A34F4811830}.Debug|Any CPU.ActiveCfg = Debug|Any CPU
		{BEAEB105-6DE7-4455-903A-0A34F4811830}.Debug|Any CPU.Build.0 = Debug|Any CPU
		{BEAEB105-6DE7-4455-903A-0A34F4811830}.Release|Any CPU.ActiveCfg = Release|Any CPU
		{BEAEB105-6DE7-4455-903A-0A34F4811830}.Release|Any CPU.Build.0 = Release|Any CPU
	EndGlobalSection
EndGlobal
